
Microsoft Visual Studio Solution File, Format Version 12.00
# Visual Studio Version 17
VisualStudioVersion = 17.7.34221.43
MinimumVisualStudioVersion = 10.0.40219.1
Project("{FAE04EC0-301F-11D3-BF4B-00C04F79EFBC}") = "CalculadoraDani", "CalculadoraDani.csproj", "{6CB06E6F-704A-43F7-B077-6B625756B2F8}"
EndProject
Global
	GlobalSection(SolutionConfigurationPlatforms) = preSolution
		Debug|Any CPU = Debug|Any CPU
		Release|Any CPU = Release|Any CPU
	EndGlobalSection
	GlobalSection(ProjectConfigurationPlatforms) = postSolution
		{6CB06E6F-704A-43F7-B077-6B625756B2F8}.Debug|Any CPU.ActiveCfg = Debug|Any CPU
		{6CB06E6F-704A-43F7-B077-6B625756B2F8}.Debug|Any CPU.Build.0 = Debug|Any CPU
		{6CB06E6F-704A-43F7-B077-6B625756B2F8}.Debug|Any CPU.Deploy.0 = Debug|Any CPU
		{6CB06E6F-704A-43F7-B077-6B625756B2F8}.Release|Any CPU.ActiveCfg = Release|Any CPU
		{6CB06E6F-704A-43F7-B077-6B625756B2F8}.Release|Any CPU.Build.0 = Release|Any CPU
		{6CB06E6F-704A-43F7-B077-6B625756B2F8}.Release|Any CPU.Deploy.0 = Release|Any CPU
	EndGlobalSection
	GlobalSection(SolutionProperties) = preSolution
		HideSolutionNode = FALSE
	EndGlobalSection
	GlobalSection(ExtensibilityGlobals) = postSolution
		SolutionGuid = {814510A3-8039-497D-94A7-3236B318EB1B}
	EndGlobalSection
EndGlobal
